
Microsoft Visual Studio Solution File, Format Version 12.00
# Visual Studio Version 16
VisualStudioVersion = 16.0.31613.86
MinimumVisualStudioVersion = 10.0.40219.1
Project("{9A19103F-16F7-4668-BE54-9A1E7A4F7556}") = "PandaBank", "PandaBank\PandaBank.csproj", "{6D0C622C-0B38-4B95-94B7-998503FF7BAC}"
EndProject
Project("{2150E333-8FDC-42A3-9474-1A3956D46DE8}") = "Solution Items", "Solution Items", "{0EE54D9D-0E43-4BF2-A0D8-053E74C38855}"
	ProjectSection(SolutionItems) = preProject
		.editorconfig = .editorconfig
	EndProjectSection
EndProject
Project("{FAE04EC0-301F-11D3-BF4B-00C04F79EFBC}") = "PandaBank.Test", "PandaBank.Test\PandaBank.Test.csproj", "{1221FA22-50BC-4C63-821E-DC0FDAEC7342}"
EndProject
Global
	GlobalSection(SolutionConfigurationPlatforms) = preSolution
		Debug|Any CPU = Debug|Any CPU
		Release|Any CPU = Release|Any CPU
	EndGlobalSection
	GlobalSection(ProjectConfigurationPlatforms) = postSolution
		{6D0C622C-0B38-4B95-94B7-998503FF7BAC}.Debug|Any CPU.ActiveCfg = Debug|Any CPU
		{6D0C622C-0B38-4B95-94B7-998503FF7BAC}.Debug|Any CPU.Build.0 = Debug|Any CPU
		{6D0C622C-0B38-4B95-94B7-998503FF7BAC}.Release|Any CPU.ActiveCfg = Release|Any CPU
		{6D0C622C-0B38-4B95-94B7-998503FF7BAC}.Release|Any CPU.Build.0 = Release|Any CPU
		{1221FA22-50BC-4C63-821E-DC0FDAEC7342}.Debug|Any CPU.ActiveCfg = Debug|Any CPU
		{1221FA22-50BC-4C63-821E-DC0FDAEC7342}.Debug|Any CPU.Build.0 = Debug|Any CPU
		{1221FA22-50BC-4C63-821E-DC0FDAEC7342}.Release|Any CPU.ActiveCfg = Release|Any CPU
		{1221FA22-50BC-4C63-821E-DC0FDAEC7342}.Release|Any CPU.Build.0 = Release|Any CPU
	EndGlobalSection
	GlobalSection(SolutionProperties) = preSolution
		HideSolutionNode = FALSE
	EndGlobalSection
	GlobalSection(ExtensibilityGlobals) = postSolution
		SolutionGuid = {DFEB5687-09C8-417B-A03A-8CB15F5E1BAD}
	EndGlobalSection
EndGlobal
